
Microsoft Visual Studio Solution File, Format Version 12.00
# Visual Studio Version 16
VisualStudioVersion = 25.0.1703.1
MinimumVisualStudioVersion = 10.0.40219.1
Project("{FAE04EC0-301F-11D3-BF4B-00C04F79EFBC}") = "Wang_Gloria_HW1", "Wang_Gloria_HW1\Wang_Gloria_HW1.csproj", "{72F42C85-7AC1-4E27-9297-66FF9DF3A323}"
EndProject
Global
	GlobalSection(SolutionConfigurationPlatforms) = preSolution
		Debug|Any CPU = Debug|Any CPU
		Release|Any CPU = Release|Any CPU
	EndGlobalSection
	GlobalSection(ProjectConfigurationPlatforms) = postSolution
		{72F42C85-7AC1-4E27-9297-66FF9DF3A323}.Debug|Any CPU.ActiveCfg = Debug|Any CPU
		{72F42C85-7AC1-4E27-9297-66FF9DF3A323}.Debug|Any CPU.Build.0 = Debug|Any CPU
		{72F42C85-7AC1-4E27-9297-66FF9DF3A323}.Release|Any CPU.ActiveCfg = Release|Any CPU
		{72F42C85-7AC1-4E27-9297-66FF9DF3A323}.Release|Any CPU.Build.0 = Release|Any CPU
	EndGlobalSection
	GlobalSection(SolutionProperties) = preSolution
		HideSolutionNode = FALSE
	EndGlobalSection
	GlobalSection(ExtensibilityGlobals) = postSolution
		SolutionGuid = {EF0F7423-794F-495A-9309-614B4FC6DB37}
	EndGlobalSection
EndGlobal
